
Microsoft Visual Studio Solution File, Format Version 12.00
# Visual Studio 14
VisualStudioVersion = 14.0.23107.0
MinimumVisualStudioVersion = 10.0.40219.1
Project("{FAE04EC0-301F-11D3-BF4B-00C04F79EFBC}") = "ConsoleDemoUI", "ConsoleDemoUI\ConsoleDemoUI.csproj", "{00C4CDAE-1C84-467A-A3C4-A7FDD594D109}"
EndProject
Project("{FAE04EC0-301F-11D3-BF4B-00C04F79EFBC}") = "Task1", "..\..\BSU.ASP.1501.Day6.Opolko\BSU.ASP.1501.Day6.Opolko\Task1\Task1.csproj", "{E4C42721-441D-4DA0-8B62-E3EEB4ACE153}"
EndProject
Global
	GlobalSection(SolutionConfigurationPlatforms) = preSolution
		Debug|Any CPU = Debug|Any CPU
		Release|Any CPU = Release|Any CPU
	EndGlobalSection
	GlobalSection(ProjectConfigurationPlatforms) = postSolution
		{00C4CDAE-1C84-467A-A3C4-A7FDD594D109}.Debug|Any CPU.ActiveCfg = Debug|Any CPU
		{00C4CDAE-1C84-467A-A3C4-A7FDD594D109}.Debug|Any CPU.Build.0 = Debug|Any CPU
		{00C4CDAE-1C84-467A-A3C4-A7FDD594D109}.Release|Any CPU.ActiveCfg = Release|Any CPU
		{00C4CDAE-1C84-467A-A3C4-A7FDD594D109}.Release|Any CPU.Build.0 = Release|Any CPU
		{E4C42721-441D-4DA0-8B62-E3EEB4ACE153}.Debug|Any CPU.ActiveCfg = Debug|Any CPU
		{E4C42721-441D-4DA0-8B62-E3EEB4ACE153}.Debug|Any CPU.Build.0 = Debug|Any CPU
		{E4C42721-441D-4DA0-8B62-E3EEB4ACE153}.Release|Any CPU.ActiveCfg = Release|Any CPU
		{E4C42721-441D-4DA0-8B62-E3EEB4ACE153}.Release|Any CPU.Build.0 = Release|Any CPU
	EndGlobalSection
	GlobalSection(SolutionProperties) = preSolution
		HideSolutionNode = FALSE
	EndGlobalSection
EndGlobal
