
Microsoft Visual Studio Solution File, Format Version 12.00
# Visual Studio 14
VisualStudioVersion = 14.0.23107.0
MinimumVisualStudioVersion = 10.0.40219.1
Project("{FAE04EC0-301F-11D3-BF4B-00C04F79EFBC}") = "Task1", "..\Task1\Task1.csproj", "{7ADF8376-5179-47AB-B837-B313D91C31CD}"
EndProject
Project("{FAE04EC0-301F-11D3-BF4B-00C04F79EFBC}") = "ConsoleDemoUI", "ConsoleDemoUI\ConsoleDemoUI.csproj", "{00C4CDAE-1C84-467A-A3C4-A7FDD594D109}"
EndProject
Global
	GlobalSection(SolutionConfigurationPlatforms) = preSolution
		Debug|Any CPU = Debug|Any CPU
		Release|Any CPU = Release|Any CPU
	EndGlobalSection
	GlobalSection(ProjectConfigurationPlatforms) = postSolution
		{7ADF8376-5179-47AB-B837-B313D91C31CD}.Debug|Any CPU.ActiveCfg = Debug|Any CPU
		{7ADF8376-5179-47AB-B837-B313D91C31CD}.Debug|Any CPU.Build.0 = Debug|Any CPU
		{7ADF8376-5179-47AB-B837-B313D91C31CD}.Release|Any CPU.ActiveCfg = Release|Any CPU
		{7ADF8376-5179-47AB-B837-B313D91C31CD}.Release|Any CPU.Build.0 = Release|Any CPU
		{00C4CDAE-1C84-467A-A3C4-A7FDD594D109}.Debug|Any CPU.ActiveCfg = Debug|Any CPU
		{00C4CDAE-1C84-467A-A3C4-A7FDD594D109}.Debug|Any CPU.Build.0 = Debug|Any CPU
		{00C4CDAE-1C84-467A-A3C4-A7FDD594D109}.Release|Any CPU.ActiveCfg = Release|Any CPU
		{00C4CDAE-1C84-467A-A3C4-A7FDD594D109}.Release|Any CPU.Build.0 = Release|Any CPU
	EndGlobalSection
	GlobalSection(SolutionProperties) = preSolution
		HideSolutionNode = FALSE
	EndGlobalSection
EndGlobal
